{
  "name": "nodejs_country",
  "version": "1.0.0",
  "lockfileVersion": 1,
  "requires": true,
  "dependencies": {
    "sleeping": {
      "version": "0.2.0",
      "resolved": "https://registry.npmjs.org/sleeping/-/sleeping-0.2.0.tgz",
      "integrity": "sha512-sP1gVy92yhL+RbgKzEUadBiiquAGaLnuFj47weK0Z8c2Z3tIpKOs5ITvu6Bj1WeAxWteuTHr57iWS+4DQE6aiQ=="
    }
  }
}
